
Microsoft Visual Studio Solution File, Format Version 12.00
# Visual Studio Version 17
VisualStudioVersion = 17.0.31903.59
MinimumVisualStudioVersion = 10.0.40219.1
Project("{FAE04EC0-301F-11D3-BF4B-00C04F79EFBC}") = "Bluetooth.Maui", "Bluetooth.Maui\Bluetooth.Maui.csproj", "{B64B9C4F-0C25-46A4-B2C2-45CB27E0512B}"
EndProject
Project("{FAE04EC0-301F-11D3-BF4B-00C04F79EFBC}") = "Bluetooth.Core", "Bluetooth.Core\Bluetooth.Core.csproj", "{E7BC2981-E17B-4B5A-B657-1810783DCC8A}"
EndProject
Project("{FAE04EC0-301F-11D3-BF4B-00C04F79EFBC}") = "Bluetooth.Maui.Sample", "Bluetooth.Maui.Sample\Bluetooth.Maui.Sample.csproj", "{4A1655AF-BF14-4C38-BFF5-771EFEDAF57E}"
EndProject
Project("{2150E333-8FDC-42A3-9474-1A3956D46DE8}") = "_Extras", "_Extras", "{CD5FDAAE-EF99-4AD6-BB36-2A105892C8DE}"
	ProjectSection(SolutionItems) = preProject
		Directory.Packages.props = Directory.Packages.props
		README.md = README.md
		global.json = global.json
		LICENSE.md = LICENSE.md
		nuget.config = nuget.config
	EndProjectSection
EndProject
Global
	GlobalSection(SolutionConfigurationPlatforms) = preSolution
		Debug|Any CPU = Debug|Any CPU
		Debug|x64 = Debug|x64
		Debug|x86 = Debug|x86
		Release|Any CPU = Release|Any CPU
		Release|x64 = Release|x64
		Release|x86 = Release|x86
	EndGlobalSection
	GlobalSection(ProjectConfigurationPlatforms) = postSolution
		{B64B9C4F-0C25-46A4-B2C2-45CB27E0512B}.Debug|Any CPU.ActiveCfg = Debug|Any CPU
		{B64B9C4F-0C25-46A4-B2C2-45CB27E0512B}.Debug|Any CPU.Build.0 = Debug|Any CPU
		{B64B9C4F-0C25-46A4-B2C2-45CB27E0512B}.Debug|x64.ActiveCfg = Debug|Any CPU
		{B64B9C4F-0C25-46A4-B2C2-45CB27E0512B}.Debug|x64.Build.0 = Debug|Any CPU
		{B64B9C4F-0C25-46A4-B2C2-45CB27E0512B}.Debug|x86.ActiveCfg = Debug|Any CPU
		{B64B9C4F-0C25-46A4-B2C2-45CB27E0512B}.Debug|x86.Build.0 = Debug|Any CPU
		{B64B9C4F-0C25-46A4-B2C2-45CB27E0512B}.Release|Any CPU.ActiveCfg = Release|Any CPU
		{B64B9C4F-0C25-46A4-B2C2-45CB27E0512B}.Release|Any CPU.Build.0 = Release|Any CPU
		{B64B9C4F-0C25-46A4-B2C2-45CB27E0512B}.Release|x64.ActiveCfg = Release|Any CPU
		{B64B9C4F-0C25-46A4-B2C2-45CB27E0512B}.Release|x64.Build.0 = Release|Any CPU
		{B64B9C4F-0C25-46A4-B2C2-45CB27E0512B}.Release|x86.ActiveCfg = Release|Any CPU
		{B64B9C4F-0C25-46A4-B2C2-45CB27E0512B}.Release|x86.Build.0 = Release|Any CPU
		{E7BC2981-E17B-4B5A-B657-1810783DCC8A}.Debug|Any CPU.ActiveCfg = Debug|Any CPU
		{E7BC2981-E17B-4B5A-B657-1810783DCC8A}.Debug|Any CPU.Build.0 = Debug|Any CPU
		{E7BC2981-E17B-4B5A-B657-1810783DCC8A}.Debug|x64.ActiveCfg = Debug|Any CPU
		{E7BC2981-E17B-4B5A-B657-1810783DCC8A}.Debug|x64.Build.0 = Debug|Any CPU
		{E7BC2981-E17B-4B5A-B657-1810783DCC8A}.Debug|x86.ActiveCfg = Debug|Any CPU
		{E7BC2981-E17B-4B5A-B657-1810783DCC8A}.Debug|x86.Build.0 = Debug|Any CPU
		{E7BC2981-E17B-4B5A-B657-1810783DCC8A}.Release|Any CPU.ActiveCfg = Release|Any CPU
		{E7BC2981-E17B-4B5A-B657-1810783DCC8A}.Release|Any CPU.Build.0 = Release|Any CPU
		{E7BC2981-E17B-4B5A-B657-1810783DCC8A}.Release|x64.ActiveCfg = Release|Any CPU
		{E7BC2981-E17B-4B5A-B657-1810783DCC8A}.Release|x64.Build.0 = Release|Any CPU
		{E7BC2981-E17B-4B5A-B657-1810783DCC8A}.Release|x86.ActiveCfg = Release|Any CPU
		{E7BC2981-E17B-4B5A-B657-1810783DCC8A}.Release|x86.Build.0 = Release|Any CPU
		{4A1655AF-BF14-4C38-BFF5-771EFEDAF57E}.Debug|Any CPU.ActiveCfg = Debug|Any CPU
		{4A1655AF-BF14-4C38-BFF5-771EFEDAF57E}.Debug|Any CPU.Build.0 = Debug|Any CPU
		{4A1655AF-BF14-4C38-BFF5-771EFEDAF57E}.Debug|x64.ActiveCfg = Debug|Any CPU
		{4A1655AF-BF14-4C38-BFF5-771EFEDAF57E}.Debug|x64.Build.0 = Debug|Any CPU
		{4A1655AF-BF14-4C38-BFF5-771EFEDAF57E}.Debug|x86.ActiveCfg = Debug|Any CPU
		{4A1655AF-BF14-4C38-BFF5-771EFEDAF57E}.Debug|x86.Build.0 = Debug|Any CPU
		{4A1655AF-BF14-4C38-BFF5-771EFEDAF57E}.Release|Any CPU.ActiveCfg = Release|Any CPU
		{4A1655AF-BF14-4C38-BFF5-771EFEDAF57E}.Release|Any CPU.Build.0 = Release|Any CPU
		{4A1655AF-BF14-4C38-BFF5-771EFEDAF57E}.Release|x64.ActiveCfg = Release|Any CPU
		{4A1655AF-BF14-4C38-BFF5-771EFEDAF57E}.Release|x64.Build.0 = Release|Any CPU
		{4A1655AF-BF14-4C38-BFF5-771EFEDAF57E}.Release|x86.ActiveCfg = Release|Any CPU
		{4A1655AF-BF14-4C38-BFF5-771EFEDAF57E}.Release|x86.Build.0 = Release|Any CPU
	EndGlobalSection
	GlobalSection(SolutionProperties) = preSolution
		HideSolutionNode = FALSE
	EndGlobalSection
	GlobalSection(ExtensibilityGlobals) = postSolution
		SolutionGuid = {A1B2C3D4-E5F6-4A5B-8C9D-0E1F2A3B4C5D}
	EndGlobalSection
	GlobalSection(MonoDevelopProperties) = preSolution
		StartupItem = Bluetooth.Maui.Sample\Bluetooth.Maui.Sample.csproj
	EndGlobalSection
EndGlobal
